
Microsoft Visual Studio Solution File, Format Version 12.00
# Visual Studio Version 17
VisualStudioVersion = 17.11.35303.130
MinimumVisualStudioVersion = 10.0.40219.1
Project("{FAE04EC0-301F-11D3-BF4B-00C04F79EFBC}") = "Trip_Volunteer.API", "Trip_Volunteer\Trip_Volunteer.API.csproj", "{1E0C1392-F609-4A4B-9D4D-77D644EFD711}"
EndProject
Project("{FAE04EC0-301F-11D3-BF4B-00C04F79EFBC}") = "Trip_Volunteer.Infra", "Trip_Volunteer.Infra\Trip_Volunteer.Infra.csproj", "{1A762942-738D-4D7F-AB6A-DCC5F57B574C}"
EndProject
Project("{FAE04EC0-301F-11D3-BF4B-00C04F79EFBC}") = "Trip_Volunteer.Core", "Trip_Volunteer.Core\Trip_Volunteer.Core.csproj", "{252C9390-0C2E-41EE-A9BE-CEAD63B332F0}"
EndProject
Global
	GlobalSection(SolutionConfigurationPlatforms) = preSolution
		Debug|Any CPU = Debug|Any CPU
		Release|Any CPU = Release|Any CPU
	EndGlobalSection
	GlobalSection(ProjectConfigurationPlatforms) = postSolution
		{1E0C1392-F609-4A4B-9D4D-77D644EFD711}.Debug|Any CPU.ActiveCfg = Debug|Any CPU
		{1E0C1392-F609-4A4B-9D4D-77D644EFD711}.Debug|Any CPU.Build.0 = Debug|Any CPU
		{1E0C1392-F609-4A4B-9D4D-77D644EFD711}.Release|Any CPU.ActiveCfg = Release|Any CPU
		{1E0C1392-F609-4A4B-9D4D-77D644EFD711}.Release|Any CPU.Build.0 = Release|Any CPU
		{1A762942-738D-4D7F-AB6A-DCC5F57B574C}.Debug|Any CPU.ActiveCfg = Debug|Any CPU
		{1A762942-738D-4D7F-AB6A-DCC5F57B574C}.Debug|Any CPU.Build.0 = Debug|Any CPU
		{1A762942-738D-4D7F-AB6A-DCC5F57B574C}.Release|Any CPU.ActiveCfg = Release|Any CPU
		{1A762942-738D-4D7F-AB6A-DCC5F57B574C}.Release|Any CPU.Build.0 = Release|Any CPU
		{252C9390-0C2E-41EE-A9BE-CEAD63B332F0}.Debug|Any CPU.ActiveCfg = Debug|Any CPU
		{252C9390-0C2E-41EE-A9BE-CEAD63B332F0}.Debug|Any CPU.Build.0 = Debug|Any CPU
		{252C9390-0C2E-41EE-A9BE-CEAD63B332F0}.Release|Any CPU.ActiveCfg = Release|Any CPU
		{252C9390-0C2E-41EE-A9BE-CEAD63B332F0}.Release|Any CPU.Build.0 = Release|Any CPU
	EndGlobalSection
	GlobalSection(SolutionProperties) = preSolution
		HideSolutionNode = FALSE
	EndGlobalSection
	GlobalSection(ExtensibilityGlobals) = postSolution
		SolutionGuid = {FF1E6F76-FE59-4795-92E5-FC8210EE31EE}
	EndGlobalSection
EndGlobal
